
Microsoft Visual Studio Solution File, Format Version 12.00
# Visual Studio Version 17
VisualStudioVersion = 17.10.34928.147
MinimumVisualStudioVersion = 10.0.40219.1
Project("{FAE04EC0-301F-11D3-BF4B-00C04F79EFBC}") = "HelloWorldApp", "HelloWorldApp.csproj", "{8F2BCCB4-61DD-4BC7-8CA0-73DF1ED1CFDE}"
EndProject
Global
	GlobalSection(SolutionConfigurationPlatforms) = preSolution
		Debug|Any CPU = Debug|Any CPU
		Release|Any CPU = Release|Any CPU
	EndGlobalSection
	GlobalSection(ProjectConfigurationPlatforms) = postSolution
		{8F2BCCB4-61DD-4BC7-8CA0-73DF1ED1CFDE}.Debug|Any CPU.ActiveCfg = Debug|Any CPU
		{8F2BCCB4-61DD-4BC7-8CA0-73DF1ED1CFDE}.Debug|Any CPU.Build.0 = Debug|Any CPU
		{8F2BCCB4-61DD-4BC7-8CA0-73DF1ED1CFDE}.Release|Any CPU.ActiveCfg = Release|Any CPU
		{8F2BCCB4-61DD-4BC7-8CA0-73DF1ED1CFDE}.Release|Any CPU.Build.0 = Release|Any CPU
	EndGlobalSection
	GlobalSection(SolutionProperties) = preSolution
		HideSolutionNode = FALSE
	EndGlobalSection
	GlobalSection(ExtensibilityGlobals) = postSolution
		SolutionGuid = {4DA55DE3-5A6E-4158-A687-E85086A4E2A0}
	EndGlobalSection
EndGlobal
